
Microsoft Visual Studio Solution File, Format Version 12.00
# Visual Studio Version 16
VisualStudioVersion = 16.0.30621.155
MinimumVisualStudioVersion = 10.0.40219.1
Project("{FAE04EC0-301F-11D3-BF4B-00C04F79EFBC}") = "CancelNonApp", "CancelNonApp\CancelNonApp.csproj", "{1D343EF4-E019-4C60-A023-CFE3AD2E4C70}"
EndProject
Global
	GlobalSection(SolutionConfigurationPlatforms) = preSolution
		Debug|Any CPU = Debug|Any CPU
		Release|Any CPU = Release|Any CPU
	EndGlobalSection
	GlobalSection(ProjectConfigurationPlatforms) = postSolution
		{1D343EF4-E019-4C60-A023-CFE3AD2E4C70}.Debug|Any CPU.ActiveCfg = Debug|Any CPU
		{1D343EF4-E019-4C60-A023-CFE3AD2E4C70}.Debug|Any CPU.Build.0 = Debug|Any CPU
		{1D343EF4-E019-4C60-A023-CFE3AD2E4C70}.Release|Any CPU.ActiveCfg = Release|Any CPU
		{1D343EF4-E019-4C60-A023-CFE3AD2E4C70}.Release|Any CPU.Build.0 = Release|Any CPU
	EndGlobalSection
	GlobalSection(SolutionProperties) = preSolution
		HideSolutionNode = FALSE
	EndGlobalSection
	GlobalSection(ExtensibilityGlobals) = postSolution
		SolutionGuid = {026EDFD8-98FF-4A40-B027-346B79C33A7A}
	EndGlobalSection
EndGlobal
